
Microsoft Visual Studio Solution File, Format Version 12.00
# Visual Studio Version 17
VisualStudioVersion = 17.5.002.0
MinimumVisualStudioVersion = 10.0.40219.1
Project("{9A19103F-16F7-4668-BE54-9A1E7A4F7556}") = "MyAssembly", "MyAssembly.csproj", "{CB5E5863-E3B1-4DEF-8AC3-F5745D0D4A12}"
EndProject
Global
	GlobalSection(SolutionConfigurationPlatforms) = preSolution
		Debug|Any CPU = Debug|Any CPU
		Release|Any CPU = Release|Any CPU
	EndGlobalSection
	GlobalSection(ProjectConfigurationPlatforms) = postSolution
		{CB5E5863-E3B1-4DEF-8AC3-F5745D0D4A12}.Debug|Any CPU.ActiveCfg = Debug|Any CPU
		{CB5E5863-E3B1-4DEF-8AC3-F5745D0D4A12}.Debug|Any CPU.Build.0 = Debug|Any CPU
		{CB5E5863-E3B1-4DEF-8AC3-F5745D0D4A12}.Release|Any CPU.ActiveCfg = Release|Any CPU
		{CB5E5863-E3B1-4DEF-8AC3-F5745D0D4A12}.Release|Any CPU.Build.0 = Release|Any CPU
	EndGlobalSection
	GlobalSection(SolutionProperties) = preSolution
		HideSolutionNode = FALSE
	EndGlobalSection
	GlobalSection(ExtensibilityGlobals) = postSolution
		SolutionGuid = {980BE655-F589-466B-AA9F-624A4AD8759E}
	EndGlobalSection
EndGlobal
